
Microsoft Visual Studio Solution File, Format Version 12.00
Project("{FAE04EC0-301F-11D3-BF4B-00C04F79EFBC}") = "TimeBomb", "TimeBomb\TimeBomb.csproj", "{468F6028-58AC-4482-B8EC-A6F2234E129F}"
EndProject
Project("{FAE04EC0-301F-11D3-BF4B-00C04F79EFBC}") = "TimeBombIntegrationTests", "TimeBombIntegrationTests\TimeBombIntegrationTests.csproj", "{2F4CA87A-F5CA-476D-9211-CD9308092AEB}"
EndProject
Project("{FAE04EC0-301F-11D3-BF4B-00C04F79EFBC}") = "TimeBombUnitTests", "TimeBombUnitTests\TimeBombUnitTests.csproj", "{D3FC8198-5B1E-4BFF-937A-B27FEC1FD66C}"
EndProject
Global
	GlobalSection(SolutionConfigurationPlatforms) = preSolution
		Debug|Any CPU = Debug|Any CPU
		Release|Any CPU = Release|Any CPU
	EndGlobalSection
	GlobalSection(ProjectConfigurationPlatforms) = postSolution
		{468F6028-58AC-4482-B8EC-A6F2234E129F}.Debug|Any CPU.ActiveCfg = Debug|Any CPU
		{468F6028-58AC-4482-B8EC-A6F2234E129F}.Debug|Any CPU.Build.0 = Debug|Any CPU
		{468F6028-58AC-4482-B8EC-A6F2234E129F}.Release|Any CPU.ActiveCfg = Release|Any CPU
		{468F6028-58AC-4482-B8EC-A6F2234E129F}.Release|Any CPU.Build.0 = Release|Any CPU
		{2F4CA87A-F5CA-476D-9211-CD9308092AEB}.Debug|Any CPU.ActiveCfg = Debug|Any CPU
		{2F4CA87A-F5CA-476D-9211-CD9308092AEB}.Debug|Any CPU.Build.0 = Debug|Any CPU
		{2F4CA87A-F5CA-476D-9211-CD9308092AEB}.Release|Any CPU.ActiveCfg = Release|Any CPU
		{2F4CA87A-F5CA-476D-9211-CD9308092AEB}.Release|Any CPU.Build.0 = Release|Any CPU
		{D3FC8198-5B1E-4BFF-937A-B27FEC1FD66C}.Debug|Any CPU.ActiveCfg = Debug|Any CPU
		{D3FC8198-5B1E-4BFF-937A-B27FEC1FD66C}.Debug|Any CPU.Build.0 = Debug|Any CPU
		{D3FC8198-5B1E-4BFF-937A-B27FEC1FD66C}.Release|Any CPU.ActiveCfg = Release|Any CPU
		{D3FC8198-5B1E-4BFF-937A-B27FEC1FD66C}.Release|Any CPU.Build.0 = Release|Any CPU
	EndGlobalSection
EndGlobal
